<?xml version="1.0" encoding="utf-8"?>
<Project ToolsVersion="4.0" xmlns="http://schemas.microsoft.com/developer/msbuild/2003">
  <ItemGroup>
    <ClCompile Include="ecs\scene.cpp" />
    <ClCompile Include="main.cpp" />
  </ItemGroup>
  <ItemGroup>
    <ClInclude Include="ecs\components.hpp" />
    <ClInclude Include="ecs\scene.hpp" />
    <ClInclude Include="ecs\systems.hpp" />
  </ItemGroup>
  <ItemGroup>
    <None Include="scripts\sceneDemo.lua" />
    <None Include="scripts\player.lua" />
    <None Include="scripts\monster.lua" />
    <None Include="scripts\block.lua" />
    <None Include="scripts\scene.lua" />
    <None Include="scripts\coin.lua" />
    <None Include="scripts\coinCounter.lua" />
    <None Include="scripts\coinNumber.lua" />
  </ItemGroup>
</Project>